
Microsoft Visual Studio Solution File, Format Version 12.00
# Visual Studio Version 17
VisualStudioVersion = 17.2.32602.215
MinimumVisualStudioVersion = 10.0.40219.1
Project("{FAE04EC0-301F-11D3-BF4B-00C04F79EFBC}") = "Store", "Store\Store.csproj", "{C10F6E85-8988-4414-A8C1-BE7DC9830C0C}"
EndProject
Global
	GlobalSection(SolutionConfigurationPlatforms) = preSolution
		Debug|Any CPU = Debug|Any CPU
		Release|Any CPU = Release|Any CPU
	EndGlobalSection
	GlobalSection(ProjectConfigurationPlatforms) = postSolution
		{C10F6E85-8988-4414-A8C1-BE7DC9830C0C}.Debug|Any CPU.ActiveCfg = Debug|Any CPU
		{C10F6E85-8988-4414-A8C1-BE7DC9830C0C}.Debug|Any CPU.Build.0 = Debug|Any CPU
		{C10F6E85-8988-4414-A8C1-BE7DC9830C0C}.Release|Any CPU.ActiveCfg = Release|Any CPU
		{C10F6E85-8988-4414-A8C1-BE7DC9830C0C}.Release|Any CPU.Build.0 = Release|Any CPU
	EndGlobalSection
	GlobalSection(SolutionProperties) = preSolution
		HideSolutionNode = FALSE
	EndGlobalSection
	GlobalSection(ExtensibilityGlobals) = postSolution
		SolutionGuid = {99AEA4B7-1610-4475-BE9B-57704A8C8BDC}
	EndGlobalSection
EndGlobal
